
Microsoft Visual Studio Solution File, Format Version 12.00
# Visual Studio 15
VisualStudioVersion = 15.0.28307.852
MinimumVisualStudioVersion = 10.0.40219.1
Project("{FAE04EC0-301F-11D3-BF4B-00C04F79EFBC}") = "Appli_KT.Android", "Appli_KT\Appli_KT.Android\Appli_KT.Android.csproj", "{582B08AC-0963-440B-A5C7-6216783DD122}"
EndProject
Project("{FAE04EC0-301F-11D3-BF4B-00C04F79EFBC}") = "Appli_KT.iOS", "Appli_KT\Appli_KT.iOS\Appli_KT.iOS.csproj", "{0A9D8877-E4C1-4739-8782-25546B2EB342}"
EndProject
Project("{FAE04EC0-301F-11D3-BF4B-00C04F79EFBC}") = "Appli_KT", "Appli_KT\Appli_KT\Appli_KT.csproj", "{A44E7555-8712-43FA-81B5-43524550222F}"
EndProject
Global
	GlobalSection(SolutionConfigurationPlatforms) = preSolution
		Debug|Any CPU = Debug|Any CPU
		Debug|iPhone = Debug|iPhone
		Debug|iPhoneSimulator = Debug|iPhoneSimulator
		Release|Any CPU = Release|Any CPU
		Release|iPhone = Release|iPhone
		Release|iPhoneSimulator = Release|iPhoneSimulator
	EndGlobalSection
	GlobalSection(ProjectConfigurationPlatforms) = postSolution
		{582B08AC-0963-440B-A5C7-6216783DD122}.Debug|Any CPU.ActiveCfg = Debug|Any CPU
		{582B08AC-0963-440B-A5C7-6216783DD122}.Debug|Any CPU.Build.0 = Debug|Any CPU
		{582B08AC-0963-440B-A5C7-6216783DD122}.Debug|Any CPU.Deploy.0 = Debug|Any CPU
		{582B08AC-0963-440B-A5C7-6216783DD122}.Debug|iPhone.ActiveCfg = Debug|Any CPU
		{582B08AC-0963-440B-A5C7-6216783DD122}.Debug|iPhone.Build.0 = Debug|Any CPU
		{582B08AC-0963-440B-A5C7-6216783DD122}.Debug|iPhone.Deploy.0 = Debug|Any CPU
		{582B08AC-0963-440B-A5C7-6216783DD122}.Debug|iPhoneSimulator.ActiveCfg = Debug|Any CPU
		{582B08AC-0963-440B-A5C7-6216783DD122}.Debug|iPhoneSimulator.Build.0 = Debug|Any CPU
		{582B08AC-0963-440B-A5C7-6216783DD122}.Debug|iPhoneSimulator.Deploy.0 = Debug|Any CPU
		{582B08AC-0963-440B-A5C7-6216783DD122}.Release|Any CPU.ActiveCfg = Release|Any CPU
		{582B08AC-0963-440B-A5C7-6216783DD122}.Release|Any CPU.Build.0 = Release|Any CPU
		{582B08AC-0963-440B-A5C7-6216783DD122}.Release|Any CPU.Deploy.0 = Release|Any CPU
		{582B08AC-0963-440B-A5C7-6216783DD122}.Release|iPhone.ActiveCfg = Release|Any CPU
		{582B08AC-0963-440B-A5C7-6216783DD122}.Release|iPhone.Build.0 = Release|Any CPU
		{582B08AC-0963-440B-A5C7-6216783DD122}.Release|iPhone.Deploy.0 = Release|Any CPU
		{582B08AC-0963-440B-A5C7-6216783DD122}.Release|iPhoneSimulator.ActiveCfg = Release|Any CPU
		{582B08AC-0963-440B-A5C7-6216783DD122}.Release|iPhoneSimulator.Build.0 = Release|Any CPU
		{582B08AC-0963-440B-A5C7-6216783DD122}.Release|iPhoneSimulator.Deploy.0 = Release|Any CPU
		{0A9D8877-E4C1-4739-8782-25546B2EB342}.Debug|Any CPU.ActiveCfg = Debug|iPhoneSimulator
		{0A9D8877-E4C1-4739-8782-25546B2EB342}.Debug|Any CPU.Build.0 = Debug|iPhoneSimulator
		{0A9D8877-E4C1-4739-8782-25546B2EB342}.Debug|Any CPU.Deploy.0 = Debug|iPhoneSimulator
		{0A9D8877-E4C1-4739-8782-25546B2EB342}.Debug|iPhone.ActiveCfg = Debug|iPhone
		{0A9D8877-E4C1-4739-8782-25546B2EB342}.Debug|iPhone.Build.0 = Debug|iPhone
		{0A9D8877-E4C1-4739-8782-25546B2EB342}.Debug|iPhone.Deploy.0 = Debug|iPhone
		{0A9D8877-E4C1-4739-8782-25546B2EB342}.Debug|iPhoneSimulator.ActiveCfg = Debug|iPhoneSimulator
		{0A9D8877-E4C1-4739-8782-25546B2EB342}.Debug|iPhoneSimulator.Build.0 = Debug|iPhoneSimulator
		{0A9D8877-E4C1-4739-8782-25546B2EB342}.Debug|iPhoneSimulator.Deploy.0 = Debug|iPhoneSimulator
		{0A9D8877-E4C1-4739-8782-25546B2EB342}.Release|Any CPU.ActiveCfg = Release|iPhone
		{0A9D8877-E4C1-4739-8782-25546B2EB342}.Release|Any CPU.Build.0 = Release|iPhone
		{0A9D8877-E4C1-4739-8782-25546B2EB342}.Release|Any CPU.Deploy.0 = Release|iPhone
		{0A9D8877-E4C1-4739-8782-25546B2EB342}.Release|iPhone.ActiveCfg = Release|iPhone
		{0A9D8877-E4C1-4739-8782-25546B2EB342}.Release|iPhone.Build.0 = Release|iPhone
		{0A9D8877-E4C1-4739-8782-25546B2EB342}.Release|iPhone.Deploy.0 = Release|iPhone
		{0A9D8877-E4C1-4739-8782-25546B2EB342}.Release|iPhoneSimulator.ActiveCfg = Release|iPhoneSimulator
		{0A9D8877-E4C1-4739-8782-25546B2EB342}.Release|iPhoneSimulator.Build.0 = Release|iPhoneSimulator
		{0A9D8877-E4C1-4739-8782-25546B2EB342}.Release|iPhoneSimulator.Deploy.0 = Release|iPhoneSimulator
		{A44E7555-8712-43FA-81B5-43524550222F}.Debug|Any CPU.ActiveCfg = Debug|Any CPU
		{A44E7555-8712-43FA-81B5-43524550222F}.Debug|Any CPU.Build.0 = Debug|Any CPU
		{A44E7555-8712-43FA-81B5-43524550222F}.Debug|Any CPU.Deploy.0 = Debug|Any CPU
		{A44E7555-8712-43FA-81B5-43524550222F}.Debug|iPhone.ActiveCfg = Debug|Any CPU
		{A44E7555-8712-43FA-81B5-43524550222F}.Debug|iPhone.Build.0 = Debug|Any CPU
		{A44E7555-8712-43FA-81B5-43524550222F}.Debug|iPhone.Deploy.0 = Debug|Any CPU
		{A44E7555-8712-43FA-81B5-43524550222F}.Debug|iPhoneSimulator.ActiveCfg = Debug|Any CPU
		{A44E7555-8712-43FA-81B5-43524550222F}.Debug|iPhoneSimulator.Build.0 = Debug|Any CPU
		{A44E7555-8712-43FA-81B5-43524550222F}.Debug|iPhoneSimulator.Deploy.0 = Debug|Any CPU
		{A44E7555-8712-43FA-81B5-43524550222F}.Release|Any CPU.ActiveCfg = Release|Any CPU
		{A44E7555-8712-43FA-81B5-43524550222F}.Release|Any CPU.Build.0 = Release|Any CPU
		{A44E7555-8712-43FA-81B5-43524550222F}.Release|Any CPU.Deploy.0 = Release|Any CPU
		{A44E7555-8712-43FA-81B5-43524550222F}.Release|iPhone.ActiveCfg = Release|Any CPU
		{A44E7555-8712-43FA-81B5-43524550222F}.Release|iPhone.Build.0 = Release|Any CPU
		{A44E7555-8712-43FA-81B5-43524550222F}.Release|iPhone.Deploy.0 = Release|Any CPU
		{A44E7555-8712-43FA-81B5-43524550222F}.Release|iPhoneSimulator.ActiveCfg = Release|Any CPU
		{A44E7555-8712-43FA-81B5-43524550222F}.Release|iPhoneSimulator.Build.0 = Release|Any CPU
		{A44E7555-8712-43FA-81B5-43524550222F}.Release|iPhoneSimulator.Deploy.0 = Release|Any CPU
	EndGlobalSection
	GlobalSection(SolutionProperties) = preSolution
		HideSolutionNode = FALSE
	EndGlobalSection
	GlobalSection(ExtensibilityGlobals) = postSolution
		SolutionGuid = {D3CD48BF-D9FF-4F77-B235-B65FC543AEA3}
	EndGlobalSection
EndGlobal
